
Microsoft Visual Studio Solution File, Format Version 12.00
# Visual Studio Version 17
VisualStudioVersion = 17.11.35312.102
MinimumVisualStudioVersion = 10.0.40219.1
Project("{2150E333-8FDC-42A3-9474-1A3956D46DE8}") = "Frontend", "Frontend", "{7C850FEB-DCB9-4727-BD5F-996C009D7DCE}"
EndProject
Project("{2150E333-8FDC-42A3-9474-1A3956D46DE8}") = "Gateway", "Gateway", "{83F10CBE-A5BD-4479-8668-A15F4B91C969}"
EndProject
Project("{2150E333-8FDC-42A3-9474-1A3956D46DE8}") = "Integration", "Integration", "{455C13C7-5864-46B2-B0C1-405731F208F9}"
EndProject
Project("{2150E333-8FDC-42A3-9474-1A3956D46DE8}") = "Services", "Services", "{1DD576C6-92C7-4754-ABF3-C436197D558D}"
EndProject
Project("{9A19103F-16F7-4668-BE54-9A1E7A4F7556}") = "Mango.Services.CouponAPI", "Mango.Services.CouponAPI\Mango.Services.CouponAPI.csproj", "{0A379886-B0C6-4273-B514-AF24D04C9ABD}"
EndProject
Project("{9A19103F-16F7-4668-BE54-9A1E7A4F7556}") = "Mango.Frontend.MVC", "Mango.Frontend.MVC\Mango.Frontend.MVC.csproj", "{F6A5E475-01AE-4075-BD59-5642962F4B52}"
EndProject
Project("{FAE04EC0-301F-11D3-BF4B-00C04F79EFBC}") = "Mango.Services.AuthAPI", "Mango.Services.AuthAPI\Mango.Services.AuthAPI.csproj", "{10277434-5FB0-4CCF-8B0C-2319A225FCB6}"
EndProject
Project("{FAE04EC0-301F-11D3-BF4B-00C04F79EFBC}") = "Mango.Services.ProductAPI", "Mango.Services.ProductAPI\Mango.Services.ProductAPI.csproj", "{1333EE4C-0184-4C48-9CF8-15FFCC9681C1}"
EndProject
Global
	GlobalSection(SolutionConfigurationPlatforms) = preSolution
		Debug|Any CPU = Debug|Any CPU
		Release|Any CPU = Release|Any CPU
	EndGlobalSection
	GlobalSection(ProjectConfigurationPlatforms) = postSolution
		{0A379886-B0C6-4273-B514-AF24D04C9ABD}.Debug|Any CPU.ActiveCfg = Debug|Any CPU
		{0A379886-B0C6-4273-B514-AF24D04C9ABD}.Debug|Any CPU.Build.0 = Debug|Any CPU
		{0A379886-B0C6-4273-B514-AF24D04C9ABD}.Release|Any CPU.ActiveCfg = Release|Any CPU
		{0A379886-B0C6-4273-B514-AF24D04C9ABD}.Release|Any CPU.Build.0 = Release|Any CPU
		{F6A5E475-01AE-4075-BD59-5642962F4B52}.Debug|Any CPU.ActiveCfg = Debug|Any CPU
		{F6A5E475-01AE-4075-BD59-5642962F4B52}.Debug|Any CPU.Build.0 = Debug|Any CPU
		{F6A5E475-01AE-4075-BD59-5642962F4B52}.Release|Any CPU.ActiveCfg = Release|Any CPU
		{F6A5E475-01AE-4075-BD59-5642962F4B52}.Release|Any CPU.Build.0 = Release|Any CPU
		{10277434-5FB0-4CCF-8B0C-2319A225FCB6}.Debug|Any CPU.ActiveCfg = Debug|Any CPU
		{10277434-5FB0-4CCF-8B0C-2319A225FCB6}.Debug|Any CPU.Build.0 = Debug|Any CPU
		{10277434-5FB0-4CCF-8B0C-2319A225FCB6}.Release|Any CPU.ActiveCfg = Release|Any CPU
		{10277434-5FB0-4CCF-8B0C-2319A225FCB6}.Release|Any CPU.Build.0 = Release|Any CPU
		{1333EE4C-0184-4C48-9CF8-15FFCC9681C1}.Debug|Any CPU.ActiveCfg = Debug|Any CPU
		{1333EE4C-0184-4C48-9CF8-15FFCC9681C1}.Debug|Any CPU.Build.0 = Debug|Any CPU
		{1333EE4C-0184-4C48-9CF8-15FFCC9681C1}.Release|Any CPU.ActiveCfg = Release|Any CPU
		{1333EE4C-0184-4C48-9CF8-15FFCC9681C1}.Release|Any CPU.Build.0 = Release|Any CPU
	EndGlobalSection
	GlobalSection(SolutionProperties) = preSolution
		HideSolutionNode = FALSE
	EndGlobalSection
	GlobalSection(NestedProjects) = preSolution
		{0A379886-B0C6-4273-B514-AF24D04C9ABD} = {1DD576C6-92C7-4754-ABF3-C436197D558D}
		{F6A5E475-01AE-4075-BD59-5642962F4B52} = {7C850FEB-DCB9-4727-BD5F-996C009D7DCE}
		{10277434-5FB0-4CCF-8B0C-2319A225FCB6} = {1DD576C6-92C7-4754-ABF3-C436197D558D}
		{1333EE4C-0184-4C48-9CF8-15FFCC9681C1} = {1DD576C6-92C7-4754-ABF3-C436197D558D}
	EndGlobalSection
	GlobalSection(ExtensibilityGlobals) = postSolution
		SolutionGuid = {6C57A86B-821A-4A26-8149-F42665C315A4}
	EndGlobalSection
EndGlobal
